
Microsoft Visual Studio Solution File, Format Version 12.00
# Visual Studio Version 16
VisualStudioVersion = 16.0.30320.27
MinimumVisualStudioVersion = 10.0.40219.1
Project("{FAE04EC0-301F-11D3-BF4B-00C04F79EFBC}") = "pokedex", "pokedex\pokedex.csproj", "{FFAB0D5E-9EBB-43DF-87CB-CFD1D03C1F41}"
EndProject
Global
	GlobalSection(SolutionConfigurationPlatforms) = preSolution
		Debug|Any CPU = Debug|Any CPU
		Release|Any CPU = Release|Any CPU
	EndGlobalSection
	GlobalSection(ProjectConfigurationPlatforms) = postSolution
		{FFAB0D5E-9EBB-43DF-87CB-CFD1D03C1F41}.Debug|Any CPU.ActiveCfg = Debug|Any CPU
		{FFAB0D5E-9EBB-43DF-87CB-CFD1D03C1F41}.Debug|Any CPU.Build.0 = Debug|Any CPU
		{FFAB0D5E-9EBB-43DF-87CB-CFD1D03C1F41}.Release|Any CPU.ActiveCfg = Release|Any CPU
		{FFAB0D5E-9EBB-43DF-87CB-CFD1D03C1F41}.Release|Any CPU.Build.0 = Release|Any CPU
	EndGlobalSection
	GlobalSection(SolutionProperties) = preSolution
		HideSolutionNode = FALSE
	EndGlobalSection
	GlobalSection(ExtensibilityGlobals) = postSolution
		SolutionGuid = {FCBBBBC8-1557-4A26-A12E-92A279CB6523}
	EndGlobalSection
EndGlobal
